
Microsoft Visual Studio Solution File, Format Version 11.00
# Visual Studio 2010
Project("{FAE04EC0-301F-11D3-BF4B-00C04F79EFBC}") = "Assembly-CSharp-Editor", "Assembly-CSharp-Editor.csproj", "{42d9a832-74ef-5c34-4ea0-1d0ef0bde340}"
EndProject
Project("{FAE04EC0-301F-11D3-BF4B-00C04F79EFBC}") = "Assembly-CSharp", "Assembly-CSharp.csproj", "{fe6ee976-16c3-5357-8325-898df29d4a3c}"
EndProject
Global
	GlobalSection(SolutionConfigurationPlatforms) = preSolution
		Debug|Any CPU = Debug|Any CPU
	EndGlobalSection
	GlobalSection(ProjectConfigurationPlatforms) = postSolution
		{42d9a832-74ef-5c34-4ea0-1d0ef0bde340}.Debug|Any CPU.ActiveCfg = Debug|Any CPU
		{42d9a832-74ef-5c34-4ea0-1d0ef0bde340}.Debug|Any CPU.Build.0 = Debug|Any CPU
		{fe6ee976-16c3-5357-8325-898df29d4a3c}.Debug|Any CPU.ActiveCfg = Debug|Any CPU
		{fe6ee976-16c3-5357-8325-898df29d4a3c}.Debug|Any CPU.Build.0 = Debug|Any CPU
	EndGlobalSection
	GlobalSection(SolutionProperties) = preSolution
		HideSolutionNode = FALSE
	EndGlobalSection
EndGlobal
